
Microsoft Visual Studio Solution File, Format Version 12.00
# Visual Studio Version 16
VisualStudioVersion = 16.0.29519.181
MinimumVisualStudioVersion = 10.0.40219.1
Project("{FAE04EC0-301F-11D3-BF4B-00C04F79EFBC}") = "signalRmvc5Demo", "signalRmvc5Demo\signalRmvc5Demo.csproj", "{A6884A6A-B8DC-4B3D-8126-27ED147418D4}"
EndProject
Global
	GlobalSection(SolutionConfigurationPlatforms) = preSolution
		Debug|Any CPU = Debug|Any CPU
		Release|Any CPU = Release|Any CPU
	EndGlobalSection
	GlobalSection(ProjectConfigurationPlatforms) = postSolution
		{A6884A6A-B8DC-4B3D-8126-27ED147418D4}.Debug|Any CPU.ActiveCfg = Debug|Any CPU
		{A6884A6A-B8DC-4B3D-8126-27ED147418D4}.Debug|Any CPU.Build.0 = Debug|Any CPU
		{A6884A6A-B8DC-4B3D-8126-27ED147418D4}.Release|Any CPU.ActiveCfg = Release|Any CPU
		{A6884A6A-B8DC-4B3D-8126-27ED147418D4}.Release|Any CPU.Build.0 = Release|Any CPU
	EndGlobalSection
	GlobalSection(SolutionProperties) = preSolution
		HideSolutionNode = FALSE
	EndGlobalSection
	GlobalSection(ExtensibilityGlobals) = postSolution
		SolutionGuid = {56575931-4331-4A06-98FF-C4AFEF45F285}
	EndGlobalSection
EndGlobal
